PODS:
  - SBLoan (1.1.0)

DEPENDENCIES:
  - SBLoan (from `https://github.com/arjdev69/SBLoan.git`)

EXTERNAL SOURCES:
  SBLoan:
    :git: https://github.com/arjdev69/SBLoan.git

CHECKOUT OPTIONS:
  SBLoan:
    :commit: 88607bd8d644f4d392c63bb225e95ccd2d6927af
    :git: https://github.com/arjdev69/SBLoan.git

SPEC CHECKSUMS:
  SBLoan: cbe30188e81737fbc004d1d471f54b5008d5d4da

PODFILE CHECKSUM: 23c1e85c60e81f1719fcaa00b56d66d415f667c4

COCOAPODS: 1.15.2
